
Microsoft Visual Studio Solution File, Format Version 12.00
Project("{FAE04EC0-301F-11D3-BF4B-00C04F79EFBC}") = "RoslynExploration", "RoslynExploration\RoslynExploration.csproj", "{61D85E34-3B95-45E3-9723-70926C94196B}"
EndProject
Global
	GlobalSection(SolutionConfigurationPlatforms) = preSolution
		Debug|Any CPU = Debug|Any CPU
		Release|Any CPU = Release|Any CPU
	EndGlobalSection
	GlobalSection(ProjectConfigurationPlatforms) = postSolution
		{61D85E34-3B95-45E3-9723-70926C94196B}.Debug|Any CPU.ActiveCfg = Debug|Any CPU
		{61D85E34-3B95-45E3-9723-70926C94196B}.Debug|Any CPU.Build.0 = Debug|Any CPU
		{61D85E34-3B95-45E3-9723-70926C94196B}.Release|Any CPU.ActiveCfg = Release|Any CPU
		{61D85E34-3B95-45E3-9723-70926C94196B}.Release|Any CPU.Build.0 = Release|Any CPU
	EndGlobalSection
EndGlobal
